
Microsoft Visual Studio Solution File, Format Version 12.00
# Visual Studio Version 16
VisualStudioVersion = 16.0.30711.63
MinimumVisualStudioVersion = 10.0.40219.1
Project("{FAE04EC0-301F-11D3-BF4B-00C04F79EFBC}") = "aaa", "aaa.csproj", "{329DAAB6-49DD-44EA-BA3A-4BD55184EA88}"
EndProject
Global
	GlobalSection(SolutionConfigurationPlatforms) = preSolution
		Debug|Any CPU = Debug|Any CPU
		Release|Any CPU = Release|Any CPU
	EndGlobalSection
	GlobalSection(ProjectConfigurationPlatforms) = postSolution
		{329DAAB6-49DD-44EA-BA3A-4BD55184EA88}.Debug|Any CPU.ActiveCfg = Debug|Any CPU
		{329DAAB6-49DD-44EA-BA3A-4BD55184EA88}.Debug|Any CPU.Build.0 = Debug|Any CPU
		{329DAAB6-49DD-44EA-BA3A-4BD55184EA88}.Release|Any CPU.ActiveCfg = Release|Any CPU
		{329DAAB6-49DD-44EA-BA3A-4BD55184EA88}.Release|Any CPU.Build.0 = Release|Any CPU
	EndGlobalSection
	GlobalSection(SolutionProperties) = preSolution
		HideSolutionNode = FALSE
	EndGlobalSection
	GlobalSection(ExtensibilityGlobals) = postSolution
		SolutionGuid = {625570AF-9776-4ED1-A29D-15EB5281A8A6}
	EndGlobalSection
EndGlobal
